
Microsoft Visual Studio Solution File, Format Version 12.00
# Visual Studio Version 17
VisualStudioVersion = 17.7.34202.233
MinimumVisualStudioVersion = 10.0.40219.1
Project("{FAE04EC0-301F-11D3-BF4B-00C04F79EFBC}") = "fib", "filesBundeler\fib.csproj", "{285A3133-C206-45F2-A744-02FCF5A2AD33}"
EndProject
Global
	GlobalSection(SolutionConfigurationPlatforms) = preSolution
		Debug|Any CPU = Debug|Any CPU
		Release|Any CPU = Release|Any CPU
	EndGlobalSection
	GlobalSection(ProjectConfigurationPlatforms) = postSolution
		{285A3133-C206-45F2-A744-02FCF5A2AD33}.Debug|Any CPU.ActiveCfg = Debug|Any CPU
		{285A3133-C206-45F2-A744-02FCF5A2AD33}.Debug|Any CPU.Build.0 = Debug|Any CPU
		{285A3133-C206-45F2-A744-02FCF5A2AD33}.Release|Any CPU.ActiveCfg = Release|Any CPU
		{285A3133-C206-45F2-A744-02FCF5A2AD33}.Release|Any CPU.Build.0 = Release|Any CPU
	EndGlobalSection
	GlobalSection(SolutionProperties) = preSolution
		HideSolutionNode = FALSE
	EndGlobalSection
	GlobalSection(ExtensibilityGlobals) = postSolution
		SolutionGuid = {76392B1D-FCFA-44E9-84E9-C3F1BC78FA16}
	EndGlobalSection
EndGlobal
